
Microsoft Visual Studio Solution File, Format Version 12.00
# Visual Studio Version 17
VisualStudioVersion = 17.13.35617.110 d17.13
MinimumVisualStudioVersion = 10.0.40219.1
Project("{FAE04EC0-301F-11D3-BF4B-00C04F79EFBC}") = "LottoBreaker", "LottoBreaker\LottoBreaker.csproj", "{CB248553-23FB-43CD-AE6F-E160A3F2E14A}"
EndProject
Global
	GlobalSection(SolutionConfigurationPlatforms) = preSolution
		Debug|Any CPU = Debug|Any CPU
		Release|Any CPU = Release|Any CPU
	EndGlobalSection
	GlobalSection(ProjectConfigurationPlatforms) = postSolution
		{CB248553-23FB-43CD-AE6F-E160A3F2E14A}.Debug|Any CPU.ActiveCfg = Debug|Any CPU
		{CB248553-23FB-43CD-AE6F-E160A3F2E14A}.Debug|Any CPU.Build.0 = Debug|Any CPU
		{CB248553-23FB-43CD-AE6F-E160A3F2E14A}.Release|Any CPU.ActiveCfg = Release|Any CPU
		{CB248553-23FB-43CD-AE6F-E160A3F2E14A}.Release|Any CPU.Build.0 = Release|Any CPU
	EndGlobalSection
	GlobalSection(SolutionProperties) = preSolution
		HideSolutionNode = FALSE
	EndGlobalSection
	GlobalSection(ExtensibilityGlobals) = postSolution
		SolutionGuid = {A3920768-95DC-4C31-84F1-BAE86C3A8ECA}
	EndGlobalSection
EndGlobal
